// !$*UTF8*$!
{
	archiveVersion = 1;
	classes = {
	};
	objectVersion = 77;
	objects = {

/* Begin PBXBuildFile section */
		A10000012FB50001003C8654 /* AppDelegate.swift in Sources */ = {isa = PBXBuildFile; fileRef = A10000112FB50001003C8654 /* AppDelegate.swift */; };
		A10000022FB50001003C8654 /* SceneDelegate.swift in Sources */ = {isa = PBXBuildFile; fileRef = A10000122FB50001003C8654 /* SceneDelegate.swift */; };
		A100000C2FB60001003C8654 /* MainTabBarController.swift in Sources */ = {isa = PBXBuildFile; fileRef = A100001D2FB60001003C8654 /* MainTabBarController.swift */; };
		A10000032FB50001003C8654 /* ViewController.swift in Sources */ = {isa = PBXBuildFile; fileRef = A10000132FB50001003C8654 /* ViewController.swift */; };
		A100000D2FB60001003C8654 /* ProfileViewController.swift in Sources */ = {isa = PBXBuildFile; fileRef = A100001E2FB60001003C8654 /* ProfileViewController.swift */; };
		A10000042FB50001003C8654 /* Recipe.swift in Sources */ = {isa = PBXBuildFile; fileRef = A10000142FB50001003C8654 /* Recipe.swift */; };
		A10000052FB50001003C8654 /* RecipeFeedViewModel.swift in Sources */ = {isa = PBXBuildFile; fileRef = A10000152FB50001003C8654 /* RecipeFeedViewModel.swift */; };
		A10000062FB50001003C8654 /* RecipeCell.swift in Sources */ = {isa = PBXBuildFile; fileRef = A10000162FB50001003C8654 /* RecipeCell.swift */; };
		A10000072FB50001003C8654 /* RecipeArtworkView.swift in Sources */ = {isa = PBXBuildFile; fileRef = A10000172FB50001003C8654 /* RecipeArtworkView.swift */; };
		A10000082FB50001003C8654 /* RecipeDetailViews.swift in Sources */ = {isa = PBXBuildFile; fileRef = A10000182FB50001003C8654 /* RecipeDetailViews.swift */; };
		A10000092FB50001003C8654 /* Assets.xcassets in Resources */ = {isa = PBXBuildFile; fileRef = A10000192FB50001003C8654 /* Assets.xcassets */; };
		A100000A2FB50001003C8654 /* Main.storyboard in Resources */ = {isa = PBXBuildFile; fileRef = A100001A2FB50001003C8654 /* Main.storyboard */; };
		A100000B2FB50001003C8654 /* LaunchScreen.storyboard in Resources */ = {isa = PBXBuildFile; fileRef = A100001B2FB50001003C8654 /* LaunchScreen.storyboard */; };
/* End PBXBuildFile section */

/* Begin PBXFileReference section */
		8349ECB92FB4F670003C8654 /* HealthyRecipesZ.app */ = {isa = PBXFileReference; explicitFileType = wrapper.application; includeInIndex = 0; path = HealthyRecipesZ.app; sourceTree = BUILT_PRODUCTS_DIR; };
		A10000112FB50001003C8654 /* AppDelegate.swift */ = {isa = PBXFileReference; lastKnownFileType = sourcecode.swift; path = AppDelegate.swift; sourceTree = "<group>"; };
		A10000122FB50001003C8654 /* SceneDelegate.swift */ = {isa = PBXFileReference; lastKnownFileType = sourcecode.swift; path = SceneDelegate.swift; sourceTree = "<group>"; };
		A100001D2FB60001003C8654 /* MainTabBarController.swift */ = {isa = PBXFileReference; lastKnownFileType = sourcecode.swift; path = MainTabBarController.swift; sourceTree = "<group>"; };
		A10000132FB50001003C8654 /* ViewController.swift */ = {isa = PBXFileReference; lastKnownFileType = sourcecode.swift; path = ViewController.swift; sourceTree = "<group>"; };
		A100001E2FB60001003C8654 /* ProfileViewController.swift */ = {isa = PBXFileReference; lastKnownFileType = sourcecode.swift; path = ProfileViewController.swift; sourceTree = "<group>"; };
		A10000142FB50001003C8654 /* Recipe.swift */ = {isa = PBXFileReference; lastKnownFileType = sourcecode.swift; path = Recipe.swift; sourceTree = "<group>"; };
		A10000152FB50001003C8654 /* RecipeFeedViewModel.swift */ = {isa = PBXFileReference; lastKnownFileType = sourcecode.swift; path = RecipeFeedViewModel.swift; sourceTree = "<group>"; };
		A10000162FB50001003C8654 /* RecipeCell.swift */ = {isa = PBXFileReference; lastKnownFileType = sourcecode.swift; path = RecipeCell.swift; sourceTree = "<group>"; };
		A10000172FB50001003C8654 /* RecipeArtworkView.swift */ = {isa = PBXFileReference; lastKnownFileType = sourcecode.swift; path = RecipeArtworkView.swift; sourceTree = "<group>"; };
		A10000182FB50001003C8654 /* RecipeDetailViews.swift */ = {isa = PBXFileReference; lastKnownFileType = sourcecode.swift; path = RecipeDetailViews.swift; sourceTree = "<group>"; };
		A10000192FB50001003C8654 /* Assets.xcassets */ = {isa = PBXFileReference; lastKnownFileType = folder.assetcatalog; path = Assets.xcassets; sourceTree = "<group>"; };
		A100001A2FB50001003C8654 /* Main.storyboard */ = {isa = PBXFileReference; lastKnownFileType = file.storyboard; path = Main.storyboard; sourceTree = "<group>"; };
		A100001B2FB50001003C8654 /* LaunchScreen.storyboard */ = {isa = PBXFileReference; lastKnownFileType = file.storyboard; path = LaunchScreen.storyboard; sourceTree = "<group>"; };
		A100001C2FB50001003C8654 /* Info.plist */ = {isa = PBXFileReference; lastKnownFileType = text.plist.xml; path = Info.plist; sourceTree = "<group>"; };
/* End PBXFileReference section */

/* Begin PBXFrameworksBuildPhase section */
		8349ECB62FB4F670003C8654 /* Frameworks */ = {
			isa = PBXFrameworksBuildPhase;
			buildActionMask = 2147483647;
			files = (
			);
			runOnlyForDeploymentPostprocessing = 0;
		};
/* End PBXFrameworksBuildPhase section */

/* Begin PBXGroup section */
		8349ECB02FB4F670003C8654 = {
			isa = PBXGroup;
			children = (
				8349ECBB2FB4F670003C8654 /* HealthyRecipesZ */,
				8349ECBA2FB4F670003C8654 /* Products */,
			);
			sourceTree = "<group>";
		};
		8349ECBA2FB4F670003C8654 /* Products */ = {
			isa = PBXGroup;
			children = (
				8349ECB92FB4F670003C8654 /* HealthyRecipesZ.app */,
			);
			name = Products;
			sourceTree = "<group>";
		};
		8349ECBB2FB4F670003C8654 /* HealthyRecipesZ */ = {
			isa = PBXGroup;
			children = (
				A10000112FB50001003C8654 /* AppDelegate.swift */,
				A10000122FB50001003C8654 /* SceneDelegate.swift */,
				A100001D2FB60001003C8654 /* MainTabBarController.swift */,
				A10000132FB50001003C8654 /* ViewController.swift */,
				A100001E2FB60001003C8654 /* ProfileViewController.swift */,
				A10000202FB50001003C8654 /* Models */,
				A10000212FB50001003C8654 /* ViewModels */,
				A10000222FB50001003C8654 /* Views */,
				A10000232FB50001003C8654 /* Base.lproj */,
				A10000192FB50001003C8654 /* Assets.xcassets */,
				A100001C2FB50001003C8654 /* Info.plist */,
			);
			path = HealthyRecipesZ;
			sourceTree = "<group>";
		};
		A10000202FB50001003C8654 /* Models */ = {
			isa = PBXGroup;
			children = (
				A10000142FB50001003C8654 /* Recipe.swift */,
			);
			path = Models;
			sourceTree = "<group>";
		};
		A10000212FB50001003C8654 /* ViewModels */ = {
			isa = PBXGroup;
			children = (
				A10000152FB50001003C8654 /* RecipeFeedViewModel.swift */,
			);
			path = ViewModels;
			sourceTree = "<group>";
		};
		A10000222FB50001003C8654 /* Views */ = {
			isa = PBXGroup;
			children = (
				A10000162FB50001003C8654 /* RecipeCell.swift */,
				A10000172FB50001003C8654 /* RecipeArtworkView.swift */,
				A10000182FB50001003C8654 /* RecipeDetailViews.swift */,
			);
			path = Views;
			sourceTree = "<group>";
		};
		A10000232FB50001003C8654 /* Base.lproj */ = {
			isa = PBXGroup;
			children = (
				A100001A2FB50001003C8654 /* Main.storyboard */,
				A100001B2FB50001003C8654 /* LaunchScreen.storyboard */,
			);
			path = Base.lproj;
			sourceTree = "<group>";
		};
/* End PBXGroup section */

/* Begin PBXNativeTarget section */
		8349ECB82FB4F670003C8654 /* HealthyRecipesZ */ = {
			isa = PBXNativeTarget;
			buildConfigurationList = 8349ECCC2FB4F675003C8654 /* Build configuration list for PBXNativeTarget "HealthyRecipesZ" */;
			buildPhases = (
				8349ECB52FB4F670003C8654 /* Sources */,
				8349ECB62FB4F670003C8654 /* Frameworks */,
				8349ECB72FB4F670003C8654 /* Resources */,
			);
			buildRules = (
			);
			dependencies = (
			);
			name = HealthyRecipesZ;
			packageProductDependencies = (
			);
			productName = HealthyRecipesZ;
			productReference = 8349ECB92FB4F670003C8654 /* HealthyRecipesZ.app */;
			productType = "com.apple.product-type.application";
		};
/* End PBXNativeTarget section */

/* Begin PBXProject section */
		8349ECB12FB4F670003C8654 /* Project object */ = {
			isa = PBXProject;
			attributes = {
				BuildIndependentTargetsInParallel = 1;
				LastSwiftUpdateCheck = 2640;
				LastUpgradeCheck = 2640;
				TargetAttributes = {
					8349ECB82FB4F670003C8654 = {
						CreatedOnToolsVersion = 26.4.1;
					};
				};
			};
			buildConfigurationList = 8349ECB42FB4F670003C8654 /* Build configuration list for PBXProject "HealthyRecipesZ" */;
			developmentRegion = en;
			hasScannedForEncodings = 0;
			knownRegions = (
				en,
				Base,
			);
			mainGroup = 8349ECB02FB4F670003C8654;
			minimizedProjectReferenceProxies = 1;
			preferredProjectObjectVersion = 77;
			productRefGroup = 8349ECBA2FB4F670003C8654 /* Products */;
			projectDirPath = "";
			projectRoot = "";
			targets = (
				8349ECB82FB4F670003C8654 /* HealthyRecipesZ */,
			);
		};
/* End PBXProject section */

/* Begin PBXResourcesBuildPhase section */
		8349ECB72FB4F670003C8654 /* Resources */ = {
			isa = PBXResourcesBuildPhase;
			buildActionMask = 2147483647;
			files = (
				A10000092FB50001003C8654 /* Assets.xcassets in Resources */,
				A100000A2FB50001003C8654 /* Main.storyboard in Resources */,
				A100000B2FB50001003C8654 /* LaunchScreen.storyboard in Resources */,
			);
			runOnlyForDeploymentPostprocessing = 0;
		};
/* End PBXResourcesBuildPhase section */

/* Begin PBXSourcesBuildPhase section */
		8349ECB52FB4F670003C8654 /* Sources */ = {
			isa = PBXSourcesBuildPhase;
			buildActionMask = 2147483647;
			files = (
				A10000012FB50001003C8654 /* AppDelegate.swift in Sources */,
				A10000022FB50001003C8654 /* SceneDelegate.swift in Sources */,
				A100000C2FB60001003C8654 /* MainTabBarController.swift in Sources */,
				A10000032FB50001003C8654 /* ViewController.swift in Sources */,
				A100000D2FB60001003C8654 /* ProfileViewController.swift in Sources */,
				A10000042FB50001003C8654 /* Recipe.swift in Sources */,
				A10000052FB50001003C8654 /* RecipeFeedViewModel.swift in Sources */,
				A10000062FB50001003C8654 /* RecipeCell.swift in Sources */,
				A10000072FB50001003C8654 /* RecipeArtworkView.swift in Sources */,
				A10000082FB50001003C8654 /* RecipeDetailViews.swift in Sources */,
			);
			runOnlyForDeploymentPostprocessing = 0;
		};
/* End PBXSourcesBuildPhase section */

/* Begin XCBuildConfiguration section */
		8349ECCD2FB4F675003C8654 /* Debug */ = {
			isa = XCBuildConfiguration;
			buildSettings = {
				ASSETCATALOG_COMPILER_APPICON_NAME = AppIcon;
				ASSETCATALOG_COMPILER_GLOBAL_ACCENT_COLOR_NAME = AccentColor;
				CODE_SIGN_STYLE = Automatic;
				CURRENT_PROJECT_VERSION = 1;
				DEVELOPMENT_TEAM = DT8ZU3CCXD;
				GENERATE_INFOPLIST_FILE = YES;
				INFOPLIST_FILE = HealthyRecipesZ/Info.plist;
				INFOPLIST_KEY_UIApplicationSupportsIndirectInputEvents = YES;
				INFOPLIST_KEY_UILaunchStoryboardName = LaunchScreen;
				INFOPLIST_KEY_UIMainStoryboardFile = Main;
				INFOPLIST_KEY_UISupportedInterfaceOrientations_iPad = "UIInterfaceOrientationPortrait UIInterfaceOrientationPortraitUpsideDown UIInterfaceOrientationLandscapeLeft UIInterfaceOrientationLandscapeRight";
				INFOPLIST_KEY_UISupportedInterfaceOrientations_iPhone = "UIInterfaceOrientationPortrait UIInterfaceOrientationLandscapeLeft UIInterfaceOrientationLandscapeRight";
				LD_RUNPATH_SEARCH_PATHS = (
					"$(inherited)",
					"@executable_path/Frameworks",
				);
				MARKETING_VERSION = 1.0;
				PRODUCT_BUNDLE_IDENTIFIER = com.jiuwuqi.HealthyRecipesZ;
				PRODUCT_NAME = "$(TARGET_NAME)";
				STRING_CATALOG_GENERATE_SYMBOLS = YES;
				SWIFT_APPROACHABLE_CONCURRENCY = YES;
				SWIFT_DEFAULT_ACTOR_ISOLATION = MainActor;
				SWIFT_EMIT_LOC_STRINGS = YES;
				SWIFT_UPCOMING_FEATURE_MEMBER_IMPORT_VISIBILITY = YES;
				SWIFT_VERSION = 5.0;
				TARGETED_DEVICE_FAMILY = "1,2";
			};
			name = Debug;
		};
		8349ECCE2FB4F675003C8654 /* Release */ = {
			isa = XCBuildConfiguration;
			buildSettings = {
				ASSETCATALOG_COMPILER_APPICON_NAME = AppIcon;
				ASSETCATALOG_COMPILER_GLOBAL_ACCENT_COLOR_NAME = AccentColor;
				CODE_SIGN_STYLE = Automatic;
				CURRENT_PROJECT_VERSION = 1;
				DEVELOPMENT_TEAM = DT8ZU3CCXD;
				GENERATE_INFOPLIST_FILE = YES;
				INFOPLIST_FILE = HealthyRecipesZ/Info.plist;
				INFOPLIST_KEY_UIApplicationSupportsIndirectInputEvents = YES;
				INFOPLIST_KEY_UILaunchStoryboardName = LaunchScreen;
				INFOPLIST_KEY_UIMainStoryboardFile = Main;
				INFOPLIST_KEY_UISupportedInterfaceOrientations_iPad = "UIInterfaceOrientationPortrait UIInterfaceOrientationPortraitUpsideDown UIInterfaceOrientationLandscapeLeft UIInterfaceOrientationLandscapeRight";
				INFOPLIST_KEY_UISupportedInterfaceOrientations_iPhone = "UIInterfaceOrientationPortrait UIInterfaceOrientationLandscapeLeft UIInterfaceOrientationLandscapeRight";
				LD_RUNPATH_SEARCH_PATHS = (
					"$(inherited)",
					"@executable_path/Frameworks",
				);
				MARKETING_VERSION = 1.0;
				PRODUCT_BUNDLE_IDENTIFIER = com.jiuwuqi.HealthyRecipesZ;
				PRODUCT_NAME = "$(TARGET_NAME)";
				STRING_CATALOG_GENERATE_SYMBOLS = YES;
				SWIFT_APPROACHABLE_CONCURRENCY = YES;
				SWIFT_DEFAULT_ACTOR_ISOLATION = MainActor;
				SWIFT_EMIT_LOC_STRINGS = YES;
				SWIFT_UPCOMING_FEATURE_MEMBER_IMPORT_VISIBILITY = YES;
				SWIFT_VERSION = 5.0;
				TARGETED_DEVICE_FAMILY = "1,2";
			};
			name = Release;
		};
		8349ECCF2FB4F675003C8654 /* Debug */ = {
			isa = XCBuildConfiguration;
			buildSettings = {
				ALWAYS_SEARCH_USER_PATHS = NO;
				ASSETCATALOG_COMPILER_GENERATE_SWIFT_ASSET_SYMBOL_EXTENSIONS = YES;
				CLANG_ANALYZER_NONNULL = YES;
				CLANG_ANALYZER_NUMBER_OBJECT_CONVERSION = YES_AGGRESSIVE;
				CLANG_CXX_LANGUAGE_STANDARD = "gnu++20";
				CLANG_ENABLE_MODULES = YES;
				CLANG_ENABLE_OBJC_ARC = YES;
				CLANG_ENABLE_OBJC_WEAK = YES;
				CLANG_WARN_BLOCK_CAPTURE_AUTORELEASING = YES;
				CLANG_WARN_BOOL_CONVERSION = YES;
				CLANG_WARN_COMMA = YES;
				CLANG_WARN_CONSTANT_CONVERSION = YES;
				CLANG_WARN_DEPRECATED_OBJC_IMPLEMENTATIONS = YES;
				CLANG_WARN_DIRECT_OBJC_ISA_USAGE = YES_ERROR;
				CLANG_WARN_DOCUMENTATION_COMMENTS = YES;
				CLANG_WARN_EMPTY_BODY = YES;
				CLANG_WARN_ENUM_CONVERSION = YES;
				CLANG_WARN_INFINITE_RECURSION = YES;
				CLANG_WARN_INT_CONVERSION = YES;
				CLANG_WARN_NON_LITERAL_NULL_CONVERSION = YES;
				CLANG_WARN_OBJC_IMPLICIT_RETAIN_SELF = YES;
				CLANG_WARN_OBJC_LITERAL_CONVERSION = YES;
				CLANG_WARN_OBJC_ROOT_CLASS = YES_ERROR;
				CLANG_WARN_QUOTED_INCLUDE_IN_FRAMEWORK_HEADER = YES;
				CLANG_WARN_RANGE_LOOP_ANALYSIS = YES;
				CLANG_WARN_STRICT_PROTOTYPES = YES;
				CLANG_WARN_SUSPICIOUS_MOVE = YES;
				CLANG_WARN_UNGUARDED_AVAILABILITY = YES_AGGRESSIVE;
				CLANG_WARN_UNREACHABLE_CODE = YES;
				CLANG_WARN__DUPLICATE_METHOD_MATCH = YES;
				COPY_PHASE_STRIP = NO;
				DEBUG_INFORMATION_FORMAT = dwarf;
				ENABLE_STRICT_OBJC_MSGSEND = YES;
				ENABLE_TESTABILITY = YES;
				ENABLE_USER_SCRIPT_SANDBOXING = YES;
				GCC_C_LANGUAGE_STANDARD = gnu17;
				GCC_DYNAMIC_NO_PIC = NO;
				GCC_NO_COMMON_BLOCKS = YES;
				GCC_OPTIMIZATION_LEVEL = 0;
				GCC_PREPROCESSOR_DEFINITIONS = (
					"DEBUG=1",
					"$(inherited)",
				);
				GCC_WARN_64_TO_32_BIT_CONVERSION = YES;
				GCC_WARN_ABOUT_RETURN_TYPE = YES_ERROR;
				GCC_WARN_UNDECLARED_SELECTOR = YES;
				GCC_WARN_UNINITIALIZED_AUTOS = YES_AGGRESSIVE;
				GCC_WARN_UNUSED_FUNCTION = YES;
				GCC_WARN_UNUSED_VARIABLE = YES;
				IPHONEOS_DEPLOYMENT_TARGET = 15.0;
				LOCALIZATION_PREFERS_STRING_CATALOGS = YES;
				MTL_ENABLE_DEBUG_INFO = INCLUDE_SOURCE;
				MTL_FAST_MATH = YES;
				ONLY_ACTIVE_ARCH = YES;
				SDKROOT = iphoneos;
				SWIFT_ACTIVE_COMPILATION_CONDITIONS = "DEBUG $(inherited)";
				SWIFT_OPTIMIZATION_LEVEL = "-Onone";
			};
			name = Debug;
		};
		8349ECD02FB4F675003C8654 /* Release */ = {
			isa = XCBuildConfiguration;
			buildSettings = {
				ALWAYS_SEARCH_USER_PATHS = NO;
				ASSETCATALOG_COMPILER_GENERATE_SWIFT_ASSET_SYMBOL_EXTENSIONS = YES;
				CLANG_ANALYZER_NONNULL = YES;
				CLANG_ANALYZER_NUMBER_OBJECT_CONVERSION = YES_AGGRESSIVE;
				CLANG_CXX_LANGUAGE_STANDARD = "gnu++20";
				CLANG_ENABLE_MODULES = YES;
				CLANG_ENABLE_OBJC_ARC = YES;
				CLANG_ENABLE_OBJC_WEAK = YES;
				CLANG_WARN_BLOCK_CAPTURE_AUTORELEASING = YES;
				CLANG_WARN_BOOL_CONVERSION = YES;
				CLANG_WARN_COMMA = YES;
				CLANG_WARN_CONSTANT_CONVERSION = YES;
				CLANG_WARN_DEPRECATED_OBJC_IMPLEMENTATIONS = YES;
				CLANG_WARN_DIRECT_OBJC_ISA_USAGE = YES_ERROR;
				CLANG_WARN_DOCUMENTATION_COMMENTS = YES;
				CLANG_WARN_EMPTY_BODY = YES;
				CLANG_WARN_ENUM_CONVERSION = YES;
				CLANG_WARN_INFINITE_RECURSION = YES;
				CLANG_WARN_INT_CONVERSION = YES;
				CLANG_WARN_NON_LITERAL_NULL_CONVERSION = YES;
				CLANG_WARN_OBJC_IMPLICIT_RETAIN_SELF = YES;
				CLANG_WARN_OBJC_LITERAL_CONVERSION = YES;
				CLANG_WARN_OBJC_ROOT_CLASS = YES_ERROR;
				CLANG_WARN_QUOTED_INCLUDE_IN_FRAMEWORK_HEADER = YES;
				CLANG_WARN_RANGE_LOOP_ANALYSIS = YES;
				CLANG_WARN_STRICT_PROTOTYPES = YES;
				CLANG_WARN_SUSPICIOUS_MOVE = YES;
				CLANG_WARN_UNGUARDED_AVAILABILITY = YES_AGGRESSIVE;
				CLANG_WARN_UNREACHABLE_CODE = YES;
				CLANG_WARN__DUPLICATE_METHOD_MATCH = YES;
				COPY_PHASE_STRIP = NO;
				DEBUG_INFORMATION_FORMAT = "dwarf-with-dsym";
				ENABLE_NS_ASSERTIONS = NO;
				ENABLE_STRICT_OBJC_MSGSEND = YES;
				ENABLE_USER_SCRIPT_SANDBOXING = YES;
				GCC_C_LANGUAGE_STANDARD = gnu17;
				GCC_NO_COMMON_BLOCKS = YES;
				GCC_WARN_64_TO_32_BIT_CONVERSION = YES;
				GCC_WARN_ABOUT_RETURN_TYPE = YES_ERROR;
				GCC_WARN_UNDECLARED_SELECTOR = YES;
				GCC_WARN_UNINITIALIZED_AUTOS = YES_AGGRESSIVE;
				GCC_WARN_UNUSED_FUNCTION = YES;
				GCC_WARN_UNUSED_VARIABLE = YES;
				IPHONEOS_DEPLOYMENT_TARGET = 15.0;
				LOCALIZATION_PREFERS_STRING_CATALOGS = YES;
				MTL_ENABLE_DEBUG_INFO = NO;
				MTL_FAST_MATH = YES;
				SDKROOT = iphoneos;
				SWIFT_COMPILATION_MODE = wholemodule;
				VALIDATE_PRODUCT = YES;
			};
			name = Release;
		};
/* End XCBuildConfiguration section */

/* Begin XCConfigurationList section */
		8349ECB42FB4F670003C8654 /* Build configuration list for PBXProject "HealthyRecipesZ" */ = {
			isa = XCConfigurationList;
			buildConfigurations = (
				8349ECCF2FB4F675003C8654 /* Debug */,
				8349ECD02FB4F675003C8654 /* Release */,
			);
			defaultConfigurationIsVisible = 0;
			defaultConfigurationName = Release;
		};
		8349ECCC2FB4F675003C8654 /* Build configuration list for PBXNativeTarget "HealthyRecipesZ" */ = {
			isa = XCConfigurationList;
			buildConfigurations = (
				8349ECCD2FB4F675003C8654 /* Debug */,
				8349ECCE2FB4F675003C8654 /* Release */,
			);
			defaultConfigurationIsVisible = 0;
			defaultConfigurationName = Release;
		};
/* End XCConfigurationList section */
	};
	rootObject = 8349ECB12FB4F670003C8654 /* Project object */;
}
